
Microsoft Visual Studio Solution File, Format Version 12.00
Project("{FAE04EC0-301F-11D3-BF4B-00C04F79EFBC}") = "TModWatcher", "TModWatcher\TModWatcher.csproj", "{09FA293F-A156-41C8-B62B-4D80241B530D}"
EndProject
Project("{FAE04EC0-301F-11D3-BF4B-00C04F79EFBC}") = "WatcherCore", "WatcherCore\WatcherCore.csproj", "{7651D197-A18F-44EB-9E46-9EAEF2151228}"
EndProject
Global
	GlobalSection(SolutionConfigurationPlatforms) = preSolution
		Debug|Any CPU = Debug|Any CPU
		Release|Any CPU = Release|Any CPU
	EndGlobalSection
	GlobalSection(ProjectConfigurationPlatforms) = postSolution
		{09FA293F-A156-41C8-B62B-4D80241B530D}.Debug|Any CPU.ActiveCfg = Debug|Any CPU
		{09FA293F-A156-41C8-B62B-4D80241B530D}.Debug|Any CPU.Build.0 = Debug|Any CPU
		{09FA293F-A156-41C8-B62B-4D80241B530D}.Release|Any CPU.ActiveCfg = Release|Any CPU
		{09FA293F-A156-41C8-B62B-4D80241B530D}.Release|Any CPU.Build.0 = Release|Any CPU
		{7651D197-A18F-44EB-9E46-9EAEF2151228}.Debug|Any CPU.ActiveCfg = Debug|Any CPU
		{7651D197-A18F-44EB-9E46-9EAEF2151228}.Debug|Any CPU.Build.0 = Debug|Any CPU
		{7651D197-A18F-44EB-9E46-9EAEF2151228}.Release|Any CPU.ActiveCfg = Release|Any CPU
		{7651D197-A18F-44EB-9E46-9EAEF2151228}.Release|Any CPU.Build.0 = Release|Any CPU
	EndGlobalSection
EndGlobal
